// !$*UTF8*$!
{
	archiveVersion = 1;
	classes = {
	};
	objectVersion = 46;
	objects = {

/* Begin PBXBuildFile section */
		9F3851D61B1E8A14005E3B8B /* main.m in Sources */ = {isa = PBXBuildFile; fileRef = 9F3851D51B1E8A14005E3B8B /* main.m */; };
		9F3851D91B1E8A14005E3B8B /* AppDelegate.m in Sources */ = {isa = PBXBuildFile; fileRef = 9F3851D81B1E8A14005E3B8B /* AppDelegate.m */; };
		9F3851DC1B1E8A14005E3B8B /* ViewController.m in Sources */ = {isa = PBXBuildFile; fileRef = 9F3851DB1B1E8A14005E3B8B /* ViewController.m */; };
		9F3851DF1B1E8A14005E3B8B /* Main.storyboard in Resources */ = {isa = PBXBuildFile; fileRef = 9F3851DD1B1E8A14005E3B8B /* Main.storyboard */; };
		9F3851E11B1E8A14005E3B8B /* Images.xcassets in Resources */ = {isa = PBXBuildFile; fileRef = 9F3851E01B1E8A14005E3B8B /* Images.xcassets */; };
		9F3851E41B1E8A14005E3B8B /* LaunchScreen.xib in Resources */ = {isa = PBXBuildFile; fileRef = 9F3851E21B1E8A14005E3B8B /* LaunchScreen.xib */; };
		9F3851F01B1E8A14005E3B8B /* ZDWater2Tests.m in Sources */ = {isa = PBXBuildFile; fileRef = 9F3851EF1B1E8A14005E3B8B /* ZDWater2Tests.m */; };
/* End PBXBuildFile section */

/* Begin PBXContainerItemProxy section */
		9F3851EA1B1E8A14005E3B8B /* PBXContainerItemProxy */ = {
			isa = PBXContainerItemProxy;
			containerPortal = 9F3851C81B1E8A14005E3B8B /* Project object */;
			proxyType = 1;
			remoteGlobalIDString = 9F3851CF1B1E8A14005E3B8B;
			remoteInfo = ZDWater2;
		};
/* End PBXContainerItemProxy section */

/* Begin PBXFileReference section */
		9F3851D01B1E8A14005E3B8B /* ZDWater2.app */ = {isa = PBXFileReference; explicitFileType = wrapper.application; includeInIndex = 0; path = ZDWater2.app; sourceTree = BUILT_PRODUCTS_DIR; };
		9F3851D41B1E8A14005E3B8B /* Info.plist */ = {isa = PBXFileReference; lastKnownFileType = text.plist.xml; path = Info.plist; sourceTree = "<group>"; };
		9F3851D51B1E8A14005E3B8B /* main.m */ = {isa = PBXFileReference; lastKnownFileType = sourcecode.c.objc; path = main.m; sourceTree = "<group>"; };
		9F3851D71B1E8A14005E3B8B /* AppDelegate.h */ = {isa = PBXFileReference; lastKnownFileType = sourcecode.c.h; path = AppDelegate.h; sourceTree = "<group>"; };
		9F3851D81B1E8A14005E3B8B /* AppDelegate.m */ = {isa = PBXFileReference; lastKnownFileType = sourcecode.c.objc; path = AppDelegate.m; sourceTree = "<group>"; };
		9F3851DA1B1E8A14005E3B8B /* ViewController.h */ = {isa = PBXFileReference; lastKnownFileType = sourcecode.c.h; path = ViewController.h; sourceTree = "<group>"; };
		9F3851DB1B1E8A14005E3B8B /* ViewController.m */ = {isa = PBXFileReference; lastKnownFileType = sourcecode.c.objc; path = ViewController.m; sourceTree = "<group>"; };
		9F3851DE1B1E8A14005E3B8B /* Base */ = {isa = PBXFileReference; lastKnownFileType = file.storyboard; name = Base; path = Base.lproj/Main.storyboard; sourceTree = "<group>"; };
		9F3851E01B1E8A14005E3B8B /* Images.xcassets */ = {isa = PBXFileReference; lastKnownFileType = folder.assetcatalog; path = Images.xcassets; sourceTree = "<group>"; };
		9F3851E31B1E8A14005E3B8B /* Base */ = {isa = PBXFileReference; lastKnownFileType = file.xib; name = Base; path = Base.lproj/LaunchScreen.xib; sourceTree = "<group>"; };
		9F3851E91B1E8A14005E3B8B /* ZDWater2Tests.xctest */ = {isa = PBXFileReference; explicitFileType = wrapper.cfbundle; includeInIndex = 0; path = ZDWater2Tests.xctest; sourceTree = BUILT_PRODUCTS_DIR; };
		9F3851EE1B1E8A14005E3B8B /* Info.plist */ = {isa = PBXFileReference; lastKnownFileType = text.plist.xml; path = Info.plist; sourceTree = "<group>"; };
		9F3851EF1B1E8A14005E3B8B /* ZDWater2Tests.m */ = {isa = PBXFileReference; lastKnownFileType = sourcecode.c.objc; path = ZDWater2Tests.m; sourceTree = "<group>"; };
/* End PBXFileReference section */

/* Begin PBXFrameworksBuildPhase section */
		9F3851CD1B1E8A14005E3B8B /* Frameworks */ = {
			isa = PBXFrameworksBuildPhase;
			buildActionMask = 2147483647;
			files = (
			);
			runOnlyForDeploymentPostprocessing = 0;
		};
		9F3851E61B1E8A14005E3B8B /* Frameworks */ = {
			isa = PBXFrameworksBuildPhase;
			buildActionMask = 2147483647;
			files = (
			);
			runOnlyForDeploymentPostprocessing = 0;
		};
/* End PBXFrameworksBuildPhase section */

/* Begin PBXGroup section */
		9F3851C71B1E8A14005E3B8B = {
			isa = PBXGroup;
			children = (
				9F3851D21B1E8A14005E3B8B /* ZDWater2 */,
				9F3851EC1B1E8A14005E3B8B /* ZDWater2Tests */,
				9F3851D11B1E8A14005E3B8B /* Products */,
			);
			sourceTree = "<group>";
		};
		9F3851D11B1E8A14005E3B8B /* Products */ = {
			isa = PBXGroup;
			children = (
				9F3851D01B1E8A14005E3B8B /* ZDWater2.app */,
				9F3851E91B1E8A14005E3B8B /* ZDWater2Tests.xctest */,
			);
			name = Products;
			sourceTree = "<group>";
		};
		9F3851D21B1E8A14005E3B8B /* ZDWater2 */ = {
			isa = PBXGroup;
			children = (
				9F3851D71B1E8A14005E3B8B /* AppDelegate.h */,
				9F3851D81B1E8A14005E3B8B /* AppDelegate.m */,
				9F3851DA1B1E8A14005E3B8B /* ViewController.h */,
				9F3851DB1B1E8A14005E3B8B /* ViewController.m */,
				9F3851DD1B1E8A14005E3B8B /* Main.storyboard */,
				9F3851E01B1E8A14005E3B8B /* Images.xcassets */,
				9F3851E21B1E8A14005E3B8B /* LaunchScreen.xib */,
				9F3851D31B1E8A14005E3B8B /* Supporting Files */,
			);
			path = ZDWater2;
			sourceTree = "<group>";
		};
		9F3851D31B1E8A14005E3B8B /* Supporting Files */ = {
			isa = PBXGroup;
			children = (
				9F3851D41B1E8A14005E3B8B /* Info.plist */,
				9F3851D51B1E8A14005E3B8B /* main.m */,
			);
			name = "Supporting Files";
			sourceTree = "<group>";
		};
		9F3851EC1B1E8A14005E3B8B /* ZDWater2Tests */ = {
			isa = PBXGroup;
			children = (
				9F3851EF1B1E8A14005E3B8B /* ZDWater2Tests.m */,
				9F3851ED1B1E8A14005E3B8B /* Supporting Files */,
			);
			path = ZDWater2Tests;
			sourceTree = "<group>";
		};
		9F3851ED1B1E8A14005E3B8B /* Supporting Files */ = {
			isa = PBXGroup;
			children = (
				9F3851EE1B1E8A14005E3B8B /* Info.plist */,
			);
			name = "Supporting Files";
			sourceTree = "<group>";
		};
/* End PBXGroup section */

/* Begin PBXNativeTarget section */
		9F3851CF1B1E8A14005E3B8B /* ZDWater2 */ = {
			isa = PBXNativeTarget;
			buildConfigurationList = 9F3851F31B1E8A14005E3B8B /* Build configuration list for PBXNativeTarget "ZDWater2" */;
			buildPhases = (
				9F3851CC1B1E8A14005E3B8B /* Sources */,
				9F3851CD1B1E8A14005E3B8B /* Frameworks */,
				9F3851CE1B1E8A14005E3B8B /* Resources */,
			);
			buildRules = (
			);
			dependencies = (
			);
			name = ZDWater2;
			productName = ZDWater2;
			productReference = 9F3851D01B1E8A14005E3B8B /* ZDWater2.app */;
			productType = "com.apple.product-type.application";
		};
		9F3851E81B1E8A14005E3B8B /* ZDWater2Tests */ = {
			isa = PBXNativeTarget;
			buildConfigurationList = 9F3851F61B1E8A14005E3B8B /* Build configuration list for PBXNativeTarget "ZDWater2Tests" */;
			buildPhases = (
				9F3851E51B1E8A14005E3B8B /* Sources */,
				9F3851E61B1E8A14005E3B8B /* Frameworks */,
				9F3851E71B1E8A14005E3B8B /* Resources */,
			);
			buildRules = (
			);
			dependencies = (
				9F3851EB1B1E8A14005E3B8B /* PBXTargetDependency */,
			);
			name = ZDWater2Tests;
			productName = ZDWater2Tests;
			productReference = 9F3851E91B1E8A14005E3B8B /* ZDWater2Tests.xctest */;
			productType = "com.apple.product-type.bundle.unit-test";
		};
/* End PBXNativeTarget section */

/* Begin PBXProject section */
		9F3851C81B1E8A14005E3B8B /* Project object */ = {
			isa = PBXProject;
			attributes = {
				LastUpgradeCheck = 0630;
				ORGANIZATIONNAME = teddy;
				TargetAttributes = {
					9F3851CF1B1E8A14005E3B8B = {
						CreatedOnToolsVersion = 6.3.1;
					};
					9F3851E81B1E8A14005E3B8B = {
						CreatedOnToolsVersion = 6.3.1;
						TestTargetID = 9F3851CF1B1E8A14005E3B8B;
					};
				};
			};
			buildConfigurationList = 9F3851CB1B1E8A14005E3B8B /* Build configuration list for PBXProject "ZDWater2" */;
			compatibilityVersion = "Xcode 3.2";
			developmentRegion = English;
			hasScannedForEncodings = 0;
			knownRegions = (
				en,
				Base,
			);
			mainGroup = 9F3851C71B1E8A14005E3B8B;
			productRefGroup = 9F3851D11B1E8A14005E3B8B /* Products */;
			projectDirPath = "";
			projectRoot = "";
			targets = (
				9F3851CF1B1E8A14005E3B8B /* ZDWater2 */,
				9F3851E81B1E8A14005E3B8B /* ZDWater2Tests */,
			);
		};
/* End PBXProject section */

/* Begin PBXResourcesBuildPhase section */
		9F3851CE1B1E8A14005E3B8B /* Resources */ = {
			isa = PBXResourcesBuildPhase;
			buildActionMask = 2147483647;
			files = (
				9F3851DF1B1E8A14005E3B8B /* Main.storyboard in Resources */,
				9F3851E41B1E8A14005E3B8B /* LaunchScreen.xib in Resources */,
				9F3851E11B1E8A14005E3B8B /* Images.xcassets in Resources */,
			);
			runOnlyForDeploymentPostprocessing = 0;
		};
		9F3851E71B1E8A14005E3B8B /* Resources */ = {
			isa = PBXResourcesBuildPhase;
			buildActionMask = 2147483647;
			files = (
			);
			runOnlyForDeploymentPostprocessing = 0;
		};
/* End PBXResourcesBuildPhase section */

/* Begin PBXSourcesBuildPhase section */
		9F3851CC1B1E8A14005E3B8B /* Sources */ = {
			isa = PBXSourcesBuildPhase;
			buildActionMask = 2147483647;
			files = (
				9F3851DC1B1E8A14005E3B8B /* ViewController.m in Sources */,
				9F3851D91B1E8A14005E3B8B /* AppDelegate.m in Sources */,
				9F3851D61B1E8A14005E3B8B /* main.m in Sources */,
			);
			runOnlyForDeploymentPostprocessing = 0;
		};
		9F3851E51B1E8A14005E3B8B /* Sources */ = {
			isa = PBXSourcesBuildPhase;
			buildActionMask = 2147483647;
			files = (
				9F3851F01B1E8A14005E3B8B /* ZDWater2Tests.m in Sources */,
			);
			runOnlyForDeploymentPostprocessing = 0;
		};
/* End PBXSourcesBuildPhase section */

/* Begin PBXTargetDependency section */
		9F3851EB1B1E8A14005E3B8B /* PBXTargetDependency */ = {
			isa = PBXTargetDependency;
			target = 9F3851CF1B1E8A14005E3B8B /* ZDWater2 */;
			targetProxy = 9F3851EA1B1E8A14005E3B8B /* PBXContainerItemProxy */;
		};
/* End PBXTargetDependency section */

/* Begin PBXVariantGroup section */
		9F3851DD1B1E8A14005E3B8B /* Main.storyboard */ = {
			isa = PBXVariantGroup;
			children = (
				9F3851DE1B1E8A14005E3B8B /* Base */,
			);
			name = Main.storyboard;
			sourceTree = "<group>";
		};
		9F3851E21B1E8A14005E3B8B /* LaunchScreen.xib */ = {
			isa = PBXVariantGroup;
			children = (
				9F3851E31B1E8A14005E3B8B /* Base */,
			);
			name = LaunchScreen.xib;
			sourceTree = "<group>";
		};
/* End PBXVariantGroup section */

/* Begin XCBuildConfiguration section */
		9F3851F11B1E8A14005E3B8B /* Debug */ = {
			isa = XCBuildConfiguration;
			buildSettings = {
				ALWAYS_SEARCH_USER_PATHS = NO;
				CLANG_CXX_LANGUAGE_STANDARD = "gnu++0x";
				CLANG_CXX_LIBRARY = "libc++";
				CLANG_ENABLE_MODULES = YES;
				CLANG_ENABLE_OBJC_ARC = YES;
				CLANG_WARN_BOOL_CONVERSION = YES;
				CLANG_WARN_CONSTANT_CONVERSION = YES;
				CLANG_WARN_DIRECT_OBJC_ISA_USAGE = YES_ERROR;
				CLANG_WARN_EMPTY_BODY = YES;
				CLANG_WARN_ENUM_CONVERSION = YES;
				CLANG_WARN_INT_CONVERSION = YES;
				CLANG_WARN_OBJC_ROOT_CLASS = YES_ERROR;
				CLANG_WARN_UNREACHABLE_CODE = YES;
				CLANG_WARN__DUPLICATE_METHOD_MATCH = YES;
				"CODE_SIGN_IDENTITY[sdk=iphoneos*]" = "iPhone Developer";
				COPY_PHASE_STRIP = NO;
				DEBUG_INFORMATION_FORMAT = "dwarf-with-dsym";
				ENABLE_STRICT_OBJC_MSGSEND = YES;
				GCC_C_LANGUAGE_STANDARD = gnu99;
				GCC_DYNAMIC_NO_PIC = NO;
				GCC_NO_COMMON_BLOCKS = YES;
				GCC_OPTIMIZATION_LEVEL = 0;
				GCC_PREPROCESSOR_DEFINITIONS = (
					"DEBUG=1",
					"$(inherited)",
				);
				GCC_SYMBOLS_PRIVATE_EXTERN = NO;
				GCC_WARN_64_TO_32_BIT_CONVERSION = YES;
				GCC_WARN_ABOUT_RETURN_TYPE = YES_ERROR;
				GCC_WARN_UNDECLARED_SELECTOR = YES;
				GCC_WARN_UNINITIALIZED_AUTOS = YES_AGGRESSIVE;
				GCC_WARN_UNUSED_FUNCTION = YES;
				GCC_WARN_UNUSED_VARIABLE = YES;
				IPHONEOS_DEPLOYMENT_TARGET = 8.3;
				MTL_ENABLE_DEBUG_INFO = YES;
				ONLY_ACTIVE_ARCH = YES;
				SDKROOT = iphoneos;
			};
			name = Debug;
		};
		9F3851F21B1E8A14005E3B8B /* Release */ = {
			isa = XCBuildConfiguration;
			buildSettings = {
				ALWAYS_SEARCH_USER_PATHS = NO;
				CLANG_CXX_LANGUAGE_STANDARD = "gnu++0x";
				CLANG_CXX_LIBRARY = "libc++";
				CLANG_ENABLE_MODULES = YES;
				CLANG_ENABLE_OBJC_ARC = YES;
				CLANG_WARN_BOOL_CONVERSION = YES;
				CLANG_WARN_CONSTANT_CONVERSION = YES;
				CLANG_WARN_DIRECT_OBJC_ISA_USAGE = YES_ERROR;
				CLANG_WARN_EMPTY_BODY = YES;
				CLANG_WARN_ENUM_CONVERSION = YES;
				CLANG_WARN_INT_CONVERSION = YES;
				CLANG_WARN_OBJC_ROOT_CLASS = YES_ERROR;
				CLANG_WARN_UNREACHABLE_CODE = YES;
				CLANG_WARN__DUPLICATE_METHOD_MATCH = YES;
				"CODE_SIGN_IDENTITY[sdk=iphoneos*]" = "iPhone Developer";
				COPY_PHASE_STRIP = NO;
				DEBUG_INFORMATION_FORMAT = "dwarf-with-dsym";
				ENABLE_NS_ASSERTIONS = NO;
				ENABLE_STRICT_OBJC_MSGSEND = YES;
				GCC_C_LANGUAGE_STANDARD = gnu99;
				GCC_NO_COMMON_BLOCKS = YES;
				GCC_WARN_64_TO_32_BIT_CONVERSION = YES;
				GCC_WARN_ABOUT_RETURN_TYPE = YES_ERROR;
				GCC_WARN_UNDECLARED_SELECTOR = YES;
				GCC_WARN_UNINITIALIZED_AUTOS = YES_AGGRESSIVE;
				GCC_WARN_UNUSED_FUNCTION = YES;
				GCC_WARN_UNUSED_VARIABLE = YES;
				IPHONEOS_DEPLOYMENT_TARGET = 8.3;
				MTL_ENABLE_DEBUG_INFO = NO;
				SDKROOT = iphoneos;
				VALIDATE_PRODUCT = YES;
			};
			name = Release;
		};
		9F3851F41B1E8A14005E3B8B /* Debug */ = {
			isa = XCBuildConfiguration;
			buildSettings = {
				ASSETCATALOG_COMPILER_APPICON_NAME = AppIcon;
				INFOPLIST_FILE = ZDWater2/Info.plist;
				LD_RUNPATH_SEARCH_PATHS = "$(inherited) @executable_path/Frameworks";
				PRODUCT_NAME = "$(TARGET_NAME)";
			};
			name = Debug;
		};
		9F3851F51B1E8A14005E3B8B /* Release */ = {
			isa = XCBuildConfiguration;
			buildSettings = {
				ASSETCATALOG_COMPILER_APPICON_NAME = AppIcon;
				INFOPLIST_FILE = ZDWater2/Info.plist;
				LD_RUNPATH_SEARCH_PATHS = "$(inherited) @executable_path/Frameworks";
				PRODUCT_NAME = "$(TARGET_NAME)";
			};
			name = Release;
		};
		9F3851F71B1E8A14005E3B8B /* Debug */ = {
			isa = XCBuildConfiguration;
			buildSettings = {
				BUNDLE_LOADER = "$(TEST_HOST)";
				FRAMEWORK_SEARCH_PATHS = (
					"$(SDKROOT)/Developer/Library/Frameworks",
					"$(inherited)",
				);
				GCC_PREPROCESSOR_DEFINITIONS = (
					"DEBUG=1",
					"$(inherited)",
				);
				INFOPLIST_FILE = ZDWater2Tests/Info.plist;
				LD_RUNPATH_SEARCH_PATHS = "$(inherited) @executable_path/Frameworks @loader_path/Frameworks";
				PRODUCT_NAME = "$(TARGET_NAME)";
				TEST_HOST = "$(BUILT_PRODUCTS_DIR)/ZDWater2.app/ZDWater2";
			};
			name = Debug;
		};
		9F3851F81B1E8A14005E3B8B /* Release */ = {
			isa = XCBuildConfiguration;
			buildSettings = {
				BUNDLE_LOADER = "$(TEST_HOST)";
				FRAMEWORK_SEARCH_PATHS = (
					"$(SDKROOT)/Developer/Library/Frameworks",
					"$(inherited)",
				);
				INFOPLIST_FILE = ZDWater2Tests/Info.plist;
				LD_RUNPATH_SEARCH_PATHS = "$(inherited) @executable_path/Frameworks @loader_path/Frameworks";
				PRODUCT_NAME = "$(TARGET_NAME)";
				TEST_HOST = "$(BUILT_PRODUCTS_DIR)/ZDWater2.app/ZDWater2";
			};
			name = Release;
		};
/* End XCBuildConfiguration section */

/* Begin XCConfigurationList section */
		9F3851CB1B1E8A14005E3B8B /* Build configuration list for PBXProject "ZDWater2" */ = {
			isa = XCConfigurationList;
			buildConfigurations = (
				9F3851F11B1E8A14005E3B8B /* Debug */,
				9F3851F21B1E8A14005E3B8B /* Release */,
			);
			defaultConfigurationIsVisible = 0;
			defaultConfigurationName = Release;
		};
		9F3851F31B1E8A14005E3B8B /* Build configuration list for PBXNativeTarget "ZDWater2" */ = {
			isa = XCConfigurationList;
			buildConfigurations = (
				9F3851F41B1E8A14005E3B8B /* Debug */,
				9F3851F51B1E8A14005E3B8B /* Release */,
			);
			defaultConfigurationIsVisible = 0;
		};
		9F3851F61B1E8A14005E3B8B /* Build configuration list for PBXNativeTarget "ZDWater2Tests" */ = {
			isa = XCConfigurationList;
			buildConfigurations = (
				9F3851F71B1E8A14005E3B8B /* Debug */,
				9F3851F81B1E8A14005E3B8B /* Release */,
			);
			defaultConfigurationIsVisible = 0;
		};
/* End XCConfigurationList section */
	};
	rootObject = 9F3851C81B1E8A14005E3B8B /* Project object */;
}
